
Microsoft Visual Studio Solution File, Format Version 12.00
# Visual Studio Version 17
VisualStudioVersion = 17.2.32516.85
MinimumVisualStudioVersion = 10.0.40219.1
Project("{2150E333-8FDC-42A3-9474-1A3956D46DE8}") = "Alarm", "Alarm", "{BD795DB1-713E-41DE-8E06-4886A3DB945A}"
EndProject
Project("{2150E333-8FDC-42A3-9474-1A3956D46DE8}") = "Linklist", "Linklist", "{86680237-623F-47A1-AA49-23CB08A50083}"
EndProject
Project("{FAE04EC0-301F-11D3-BF4B-00C04F79EFBC}") = "Alarm", "Alm\Alarm.csproj", "{4874CDE4-5D9D-43C5-A3EC-C13572AE5E6D}"
EndProject
Project("{FAE04EC0-301F-11D3-BF4B-00C04F79EFBC}") = "Linklist", "Lklst\Linklist.csproj", "{2A4AD381-6DCB-4B06-8EE7-78B3129896C7}"
EndProject
Global
	GlobalSection(SolutionConfigurationPlatforms) = preSolution
		Debug|Any CPU = Debug|Any CPU
		Release|Any CPU = Release|Any CPU
	EndGlobalSection
	GlobalSection(ProjectConfigurationPlatforms) = postSolution
		{4874CDE4-5D9D-43C5-A3EC-C13572AE5E6D}.Debug|Any CPU.ActiveCfg = Debug|Any CPU
		{4874CDE4-5D9D-43C5-A3EC-C13572AE5E6D}.Debug|Any CPU.Build.0 = Debug|Any CPU
		{4874CDE4-5D9D-43C5-A3EC-C13572AE5E6D}.Release|Any CPU.ActiveCfg = Release|Any CPU
		{4874CDE4-5D9D-43C5-A3EC-C13572AE5E6D}.Release|Any CPU.Build.0 = Release|Any CPU
		{2A4AD381-6DCB-4B06-8EE7-78B3129896C7}.Debug|Any CPU.ActiveCfg = Debug|Any CPU
		{2A4AD381-6DCB-4B06-8EE7-78B3129896C7}.Debug|Any CPU.Build.0 = Debug|Any CPU
		{2A4AD381-6DCB-4B06-8EE7-78B3129896C7}.Release|Any CPU.ActiveCfg = Release|Any CPU
		{2A4AD381-6DCB-4B06-8EE7-78B3129896C7}.Release|Any CPU.Build.0 = Release|Any CPU
	EndGlobalSection
	GlobalSection(SolutionProperties) = preSolution
		HideSolutionNode = FALSE
	EndGlobalSection
	GlobalSection(NestedProjects) = preSolution
		{4874CDE4-5D9D-43C5-A3EC-C13572AE5E6D} = {BD795DB1-713E-41DE-8E06-4886A3DB945A}
		{2A4AD381-6DCB-4B06-8EE7-78B3129896C7} = {86680237-623F-47A1-AA49-23CB08A50083}
	EndGlobalSection
	GlobalSection(ExtensibilityGlobals) = postSolution
		SolutionGuid = {D309A83B-FA26-4C2E-933B-84B7795E7ADE}
	EndGlobalSection
EndGlobal
